// !$*UTF8*$!
{
	archiveVersion = 1;
	classes = {
	};
	objectVersion = 46;
	objects = {

/* Begin PBXBuildFile section */
		EAA693CF19CFC9E800B4B5DA /* AppDelegate.swift in Sources */ = {isa = PBXBuildFile; fileRef = EAA693CE19CFC9E800B4B5DA /* AppDelegate.swift */; };
		EAA693D119CFC9E800B4B5DA /* ViewController.swift in Sources */ = {isa = PBXBuildFile; fileRef = EAA693D019CFC9E800B4B5DA /* ViewController.swift */; };
		EAA693D419CFC9E800B4B5DA /* Main.storyboard in Resources */ = {isa = PBXBuildFile; fileRef = EAA693D219CFC9E800B4B5DA /* Main.storyboard */; };
		EAA693D619CFC9E800B4B5DA /* Images.xcassets in Resources */ = {isa = PBXBuildFile; fileRef = EAA693D519CFC9E800B4B5DA /* Images.xcassets */; };
		EAA693D919CFC9E800B4B5DA /* LaunchScreen.xib in Resources */ = {isa = PBXBuildFile; fileRef = EAA693D719CFC9E800B4B5DA /* LaunchScreen.xib */; };
		EAA693E519CFC9E800B4B5DA /* ProfilePicture_ExampleTests.swift in Sources */ = {isa = PBXBuildFile; fileRef = EAA693E419CFC9E800B4B5DA /* ProfilePicture_ExampleTests.swift */; };
/* End PBXBuildFile section */

/* Begin PBXContainerItemProxy section */
		EAA693DF19CFC9E800B4B5DA /* PBXContainerItemProxy */ = {
			isa = PBXContainerItemProxy;
			containerPortal = EAA693C119CFC9E800B4B5DA /* Project object */;
			proxyType = 1;
			remoteGlobalIDString = EAA693C819CFC9E800B4B5DA;
			remoteInfo = "ProfilePicture Example";
		};
/* End PBXContainerItemProxy section */

/* Begin PBXFileReference section */
		EAA693C919CFC9E800B4B5DA /* ProfilePicture Example.app */ = {isa = PBXFileReference; explicitFileType = wrapper.application; includeInIndex = 0; path = "ProfilePicture Example.app"; sourceTree = BUILT_PRODUCTS_DIR; };
		EAA693CD19CFC9E800B4B5DA /* Info.plist */ = {isa = PBXFileReference; lastKnownFileType = text.plist.xml; path = Info.plist; sourceTree = "<group>"; };
		EAA693CE19CFC9E800B4B5DA /* AppDelegate.swift */ = {isa = PBXFileReference; lastKnownFileType = sourcecode.swift; path = AppDelegate.swift; sourceTree = "<group>"; };
		EAA693D019CFC9E800B4B5DA /* ViewController.swift */ = {isa = PBXFileReference; lastKnownFileType = sourcecode.swift; path = ViewController.swift; sourceTree = "<group>"; };
		EAA693D319CFC9E800B4B5DA /* Base */ = {isa = PBXFileReference; lastKnownFileType = file.storyboard; name = Base; path = Base.lproj/Main.storyboard; sourceTree = "<group>"; };
		EAA693D519CFC9E800B4B5DA /* Images.xcassets */ = {isa = PBXFileReference; lastKnownFileType = folder.assetcatalog; path = Images.xcassets; sourceTree = "<group>"; };
		EAA693D819CFC9E800B4B5DA /* Base */ = {isa = PBXFileReference; lastKnownFileType = file.xib; name = Base; path = Base.lproj/LaunchScreen.xib; sourceTree = "<group>"; };
		EAA693DE19CFC9E800B4B5DA /* ProfilePicture ExampleTests.xctest */ = {isa = PBXFileReference; explicitFileType = wrapper.cfbundle; includeInIndex = 0; path = "ProfilePicture ExampleTests.xctest"; sourceTree = BUILT_PRODUCTS_DIR; };
		EAA693E319CFC9E800B4B5DA /* Info.plist */ = {isa = PBXFileReference; lastKnownFileType = text.plist.xml; path = Info.plist; sourceTree = "<group>"; };
		EAA693E419CFC9E800B4B5DA /* ProfilePicture_ExampleTests.swift */ = {isa = PBXFileReference; lastKnownFileType = sourcecode.swift; path = ProfilePicture_ExampleTests.swift; sourceTree = "<group>"; };
/* End PBXFileReference section */

/* Begin PBXFrameworksBuildPhase section */
		EAA693C619CFC9E800B4B5DA /* Frameworks */ = {
			isa = PBXFrameworksBuildPhase;
			buildActionMask = 2147483647;
			files = (
			);
			runOnlyForDeploymentPostprocessing = 0;
		};
		EAA693DB19CFC9E800B4B5DA /* Frameworks */ = {
			isa = PBXFrameworksBuildPhase;
			buildActionMask = 2147483647;
			files = (
			);
			runOnlyForDeploymentPostprocessing = 0;
		};
/* End PBXFrameworksBuildPhase section */

/* Begin PBXGroup section */
		EAA693C019CFC9E800B4B5DA = {
			isa = PBXGroup;
			children = (
				EAA693CB19CFC9E800B4B5DA /* ProfilePicture Example */,
				EAA693E119CFC9E800B4B5DA /* ProfilePicture ExampleTests */,
				EAA693CA19CFC9E800B4B5DA /* Products */,
			);
			sourceTree = "<group>";
		};
		EAA693CA19CFC9E800B4B5DA /* Products */ = {
			isa = PBXGroup;
			children = (
				EAA693C919CFC9E800B4B5DA /* ProfilePicture Example.app */,
				EAA693DE19CFC9E800B4B5DA /* ProfilePicture ExampleTests.xctest */,
			);
			name = Products;
			sourceTree = "<group>";
		};
		EAA693CB19CFC9E800B4B5DA /* ProfilePicture Example */ = {
			isa = PBXGroup;
			children = (
				EAA693CE19CFC9E800B4B5DA /* AppDelegate.swift */,
				EAA693D019CFC9E800B4B5DA /* ViewController.swift */,
				EAA693D219CFC9E800B4B5DA /* Main.storyboard */,
				EAA693D519CFC9E800B4B5DA /* Images.xcassets */,
				EAA693D719CFC9E800B4B5DA /* LaunchScreen.xib */,
				EAA693CC19CFC9E800B4B5DA /* Supporting Files */,
			);
			path = "ProfilePicture Example";
			sourceTree = "<group>";
		};
		EAA693CC19CFC9E800B4B5DA /* Supporting Files */ = {
			isa = PBXGroup;
			children = (
				EAA693CD19CFC9E800B4B5DA /* Info.plist */,
			);
			name = "Supporting Files";
			sourceTree = "<group>";
		};
		EAA693E119CFC9E800B4B5DA /* ProfilePicture ExampleTests */ = {
			isa = PBXGroup;
			children = (
				EAA693E419CFC9E800B4B5DA /* ProfilePicture_ExampleTests.swift */,
				EAA693E219CFC9E800B4B5DA /* Supporting Files */,
			);
			path = "ProfilePicture ExampleTests";
			sourceTree = "<group>";
		};
		EAA693E219CFC9E800B4B5DA /* Supporting Files */ = {
			isa = PBXGroup;
			children = (
				EAA693E319CFC9E800B4B5DA /* Info.plist */,
			);
			name = "Supporting Files";
			sourceTree = "<group>";
		};
/* End PBXGroup section */

/* Begin PBXNativeTarget section */
		EAA693C819CFC9E800B4B5DA /* ProfilePicture Example */ = {
			isa = PBXNativeTarget;
			buildConfigurationList = EAA693E819CFC9E800B4B5DA /* Build configuration list for PBXNativeTarget "ProfilePicture Example" */;
			buildPhases = (
				EAA693C519CFC9E800B4B5DA /* Sources */,
				EAA693C619CFC9E800B4B5DA /* Frameworks */,
				EAA693C719CFC9E800B4B5DA /* Resources */,
			);
			buildRules = (
			);
			dependencies = (
			);
			name = "ProfilePicture Example";
			productName = "ProfilePicture Example";
			productReference = EAA693C919CFC9E800B4B5DA /* ProfilePicture Example.app */;
			productType = "com.apple.product-type.application";
		};
		EAA693DD19CFC9E800B4B5DA /* ProfilePicture ExampleTests */ = {
			isa = PBXNativeTarget;
			buildConfigurationList = EAA693EB19CFC9E800B4B5DA /* Build configuration list for PBXNativeTarget "ProfilePicture ExampleTests" */;
			buildPhases = (
				EAA693DA19CFC9E800B4B5DA /* Sources */,
				EAA693DB19CFC9E800B4B5DA /* Frameworks */,
				EAA693DC19CFC9E800B4B5DA /* Resources */,
			);
			buildRules = (
			);
			dependencies = (
				EAA693E019CFC9E800B4B5DA /* PBXTargetDependency */,
			);
			name = "ProfilePicture ExampleTests";
			productName = "ProfilePicture ExampleTests";
			productReference = EAA693DE19CFC9E800B4B5DA /* ProfilePicture ExampleTests.xctest */;
			productType = "com.apple.product-type.bundle.unit-test";
		};
/* End PBXNativeTarget section */

/* Begin PBXProject section */
		EAA693C119CFC9E800B4B5DA /* Project object */ = {
			isa = PBXProject;
			attributes = {
				LastUpgradeCheck = 0600;
				ORGANIZATIONNAME = Sajunda;
				TargetAttributes = {
					EAA693C819CFC9E800B4B5DA = {
						CreatedOnToolsVersion = 6.0;
					};
					EAA693DD19CFC9E800B4B5DA = {
						CreatedOnToolsVersion = 6.0;
						TestTargetID = EAA693C819CFC9E800B4B5DA;
					};
				};
			};
			buildConfigurationList = EAA693C419CFC9E800B4B5DA /* Build configuration list for PBXProject "ProfilePicture Example" */;
			compatibilityVersion = "Xcode 3.2";
			developmentRegion = English;
			hasScannedForEncodings = 0;
			knownRegions = (
				en,
				Base,
			);
			mainGroup = EAA693C019CFC9E800B4B5DA;
			productRefGroup = EAA693CA19CFC9E800B4B5DA /* Products */;
			projectDirPath = "";
			projectRoot = "";
			targets = (
				EAA693C819CFC9E800B4B5DA /* ProfilePicture Example */,
				EAA693DD19CFC9E800B4B5DA /* ProfilePicture ExampleTests */,
			);
		};
/* End PBXProject section */

/* Begin PBXResourcesBuildPhase section */
		EAA693C719CFC9E800B4B5DA /* Resources */ = {
			isa = PBXResourcesBuildPhase;
			buildActionMask = 2147483647;
			files = (
				EAA693D419CFC9E800B4B5DA /* Main.storyboard in Resources */,
				EAA693D919CFC9E800B4B5DA /* LaunchScreen.xib in Resources */,
				EAA693D619CFC9E800B4B5DA /* Images.xcassets in Resources */,
			);
			runOnlyForDeploymentPostprocessing = 0;
		};
		EAA693DC19CFC9E800B4B5DA /* Resources */ = {
			isa = PBXResourcesBuildPhase;
			buildActionMask = 2147483647;
			files = (
			);
			runOnlyForDeploymentPostprocessing = 0;
		};
/* End PBXResourcesBuildPhase section */

/* Begin PBXSourcesBuildPhase section */
		EAA693C519CFC9E800B4B5DA /* Sources */ = {
			isa = PBXSourcesBuildPhase;
			buildActionMask = 2147483647;
			files = (
				EAA693D119CFC9E800B4B5DA /* ViewController.swift in Sources */,
				EAA693CF19CFC9E800B4B5DA /* AppDelegate.swift in Sources */,
			);
			runOnlyForDeploymentPostprocessing = 0;
		};
		EAA693DA19CFC9E800B4B5DA /* Sources */ = {
			isa = PBXSourcesBuildPhase;
			buildActionMask = 2147483647;
			files = (
				EAA693E519CFC9E800B4B5DA /* ProfilePicture_ExampleTests.swift in Sources */,
			);
			runOnlyForDeploymentPostprocessing = 0;
		};
/* End PBXSourcesBuildPhase section */

/* Begin PBXTargetDependency section */
		EAA693E019CFC9E800B4B5DA /* PBXTargetDependency */ = {
			isa = PBXTargetDependency;
			target = EAA693C819CFC9E800B4B5DA /* ProfilePicture Example */;
			targetProxy = EAA693DF19CFC9E800B4B5DA /* PBXContainerItemProxy */;
		};
/* End PBXTargetDependency section */

/* Begin PBXVariantGroup section */
		EAA693D219CFC9E800B4B5DA /* Main.storyboard */ = {
			isa = PBXVariantGroup;
			children = (
				EAA693D319CFC9E800B4B5DA /* Base */,
			);
			name = Main.storyboard;
			sourceTree = "<group>";
		};
		EAA693D719CFC9E800B4B5DA /* LaunchScreen.xib */ = {
			isa = PBXVariantGroup;
			children = (
				EAA693D819CFC9E800B4B5DA /* Base */,
			);
			name = LaunchScreen.xib;
			sourceTree = "<group>";
		};
/* End PBXVariantGroup section */

/* Begin XCBuildConfiguration section */
		EAA693E619CFC9E800B4B5DA /* Debug */ = {
			isa = XCBuildConfiguration;
			buildSettings = {
				ALWAYS_SEARCH_USER_PATHS = NO;
				CLANG_CXX_LANGUAGE_STANDARD = "gnu++0x";
				CLANG_CXX_LIBRARY = "libc++";
				CLANG_ENABLE_MODULES = YES;
				CLANG_ENABLE_OBJC_ARC = YES;
				CLANG_WARN_BOOL_CONVERSION = YES;
				CLANG_WARN_CONSTANT_CONVERSION = YES;
				CLANG_WARN_DIRECT_OBJC_ISA_USAGE = YES_ERROR;
				CLANG_WARN_EMPTY_BODY = YES;
				CLANG_WARN_ENUM_CONVERSION = YES;
				CLANG_WARN_INT_CONVERSION = YES;
				CLANG_WARN_OBJC_ROOT_CLASS = YES_ERROR;
				CLANG_WARN_UNREACHABLE_CODE = YES;
				CLANG_WARN__DUPLICATE_METHOD_MATCH = YES;
				"CODE_SIGN_IDENTITY[sdk=iphoneos*]" = "iPhone Developer";
				COPY_PHASE_STRIP = NO;
				ENABLE_STRICT_OBJC_MSGSEND = YES;
				GCC_C_LANGUAGE_STANDARD = gnu99;
				GCC_DYNAMIC_NO_PIC = NO;
				GCC_OPTIMIZATION_LEVEL = 0;
				GCC_PREPROCESSOR_DEFINITIONS = (
					"DEBUG=1",
					"$(inherited)",
				);
				GCC_SYMBOLS_PRIVATE_EXTERN = NO;
				GCC_WARN_64_TO_32_BIT_CONVERSION = YES;
				GCC_WARN_ABOUT_RETURN_TYPE = YES_ERROR;
				GCC_WARN_UNDECLARED_SELECTOR = YES;
				GCC_WARN_UNINITIALIZED_AUTOS = YES_AGGRESSIVE;
				GCC_WARN_UNUSED_FUNCTION = YES;
				GCC_WARN_UNUSED_VARIABLE = YES;
				IPHONEOS_DEPLOYMENT_TARGET = 8.0;
				MTL_ENABLE_DEBUG_INFO = YES;
				ONLY_ACTIVE_ARCH = YES;
				SDKROOT = iphoneos;
				SWIFT_OPTIMIZATION_LEVEL = "-Onone";
			};
			name = Debug;
		};
		EAA693E719CFC9E800B4B5DA /* Release */ = {
			isa = XCBuildConfiguration;
			buildSettings = {
				ALWAYS_SEARCH_USER_PATHS = NO;
				CLANG_CXX_LANGUAGE_STANDARD = "gnu++0x";
				CLANG_CXX_LIBRARY = "libc++";
				CLANG_ENABLE_MODULES = YES;
				CLANG_ENABLE_OBJC_ARC = YES;
				CLANG_WARN_BOOL_CONVERSION = YES;
				CLANG_WARN_CONSTANT_CONVERSION = YES;
				CLANG_WARN_DIRECT_OBJC_ISA_USAGE = YES_ERROR;
				CLANG_WARN_EMPTY_BODY = YES;
				CLANG_WARN_ENUM_CONVERSION = YES;
				CLANG_WARN_INT_CONVERSION = YES;
				CLANG_WARN_OBJC_ROOT_CLASS = YES_ERROR;
				CLANG_WARN_UNREACHABLE_CODE = YES;
				CLANG_WARN__DUPLICATE_METHOD_MATCH = YES;
				"CODE_SIGN_IDENTITY[sdk=iphoneos*]" = "iPhone Developer";
				COPY_PHASE_STRIP = YES;
				ENABLE_NS_ASSERTIONS = NO;
				ENABLE_STRICT_OBJC_MSGSEND = YES;
				GCC_C_LANGUAGE_STANDARD = gnu99;
				GCC_WARN_64_TO_32_BIT_CONVERSION = YES;
				GCC_WARN_ABOUT_RETURN_TYPE = YES_ERROR;
				GCC_WARN_UNDECLARED_SELECTOR = YES;
				GCC_WARN_UNINITIALIZED_AUTOS = YES_AGGRESSIVE;
				GCC_WARN_UNUSED_FUNCTION = YES;
				GCC_WARN_UNUSED_VARIABLE = YES;
				IPHONEOS_DEPLOYMENT_TARGET = 8.0;
				MTL_ENABLE_DEBUG_INFO = NO;
				SDKROOT = iphoneos;
				VALIDATE_PRODUCT = YES;
			};
			name = Release;
		};
		EAA693E919CFC9E800B4B5DA /* Debug */ = {
			isa = XCBuildConfiguration;
			buildSettings = {
				ASSETCATALOG_COMPILER_APPICON_NAME = AppIcon;
				INFOPLIST_FILE = "ProfilePicture Example/Info.plist";
				LD_RUNPATH_SEARCH_PATHS = "$(inherited) @executable_path/Frameworks";
				PRODUCT_NAME = "$(TARGET_NAME)";
			};
			name = Debug;
		};
		EAA693EA19CFC9E800B4B5DA /* Release */ = {
			isa = XCBuildConfiguration;
			buildSettings = {
				ASSETCATALOG_COMPILER_APPICON_NAME = AppIcon;
				INFOPLIST_FILE = "ProfilePicture Example/Info.plist";
				LD_RUNPATH_SEARCH_PATHS = "$(inherited) @executable_path/Frameworks";
				PRODUCT_NAME = "$(TARGET_NAME)";
			};
			name = Release;
		};
		EAA693EC19CFC9E800B4B5DA /* Debug */ = {
			isa = XCBuildConfiguration;
			buildSettings = {
				BUNDLE_LOADER = "$(TEST_HOST)";
				FRAMEWORK_SEARCH_PATHS = (
					"$(SDKROOT)/Developer/Library/Frameworks",
					"$(inherited)",
				);
				GCC_PREPROCESSOR_DEFINITIONS = (
					"DEBUG=1",
					"$(inherited)",
				);
				INFOPLIST_FILE = "ProfilePicture ExampleTests/Info.plist";
				LD_RUNPATH_SEARCH_PATHS = "$(inherited) @executable_path/Frameworks @loader_path/Frameworks";
				PRODUCT_NAME = "$(TARGET_NAME)";
				TEST_HOST = "$(BUILT_PRODUCTS_DIR)/ProfilePicture Example.app/ProfilePicture Example";
			};
			name = Debug;
		};
		EAA693ED19CFC9E800B4B5DA /* Release */ = {
			isa = XCBuildConfiguration;
			buildSettings = {
				BUNDLE_LOADER = "$(TEST_HOST)";
				FRAMEWORK_SEARCH_PATHS = (
					"$(SDKROOT)/Developer/Library/Frameworks",
					"$(inherited)",
				);
				INFOPLIST_FILE = "ProfilePicture ExampleTests/Info.plist";
				LD_RUNPATH_SEARCH_PATHS = "$(inherited) @executable_path/Frameworks @loader_path/Frameworks";
				PRODUCT_NAME = "$(TARGET_NAME)";
				TEST_HOST = "$(BUILT_PRODUCTS_DIR)/ProfilePicture Example.app/ProfilePicture Example";
			};
			name = Release;
		};
/* End XCBuildConfiguration section */

/* Begin XCConfigurationList section */
		EAA693C419CFC9E800B4B5DA /* Build configuration list for PBXProject "ProfilePicture Example" */ = {
			isa = XCConfigurationList;
			buildConfigurations = (
				EAA693E619CFC9E800B4B5DA /* Debug */,
				EAA693E719CFC9E800B4B5DA /* Release */,
			);
			defaultConfigurationIsVisible = 0;
			defaultConfigurationName = Release;
		};
		EAA693E819CFC9E800B4B5DA /* Build configuration list for PBXNativeTarget "ProfilePicture Example" */ = {
			isa = XCConfigurationList;
			buildConfigurations = (
				EAA693E919CFC9E800B4B5DA /* Debug */,
				EAA693EA19CFC9E800B4B5DA /* Release */,
			);
			defaultConfigurationIsVisible = 0;
		};
		EAA693EB19CFC9E800B4B5DA /* Build configuration list for PBXNativeTarget "ProfilePicture ExampleTests" */ = {
			isa = XCConfigurationList;
			buildConfigurations = (
				EAA693EC19CFC9E800B4B5DA /* Debug */,
				EAA693ED19CFC9E800B4B5DA /* Release */,
			);
			defaultConfigurationIsVisible = 0;
		};
/* End XCConfigurationList section */
	};
	rootObject = EAA693C119CFC9E800B4B5DA /* Project object */;
}
